
Microsoft Visual Studio Solution File, Format Version 12.00
# Visual Studio Version 16
VisualStudioVersion = 16.0.35826.135
MinimumVisualStudioVersion = 10.0.40219.1
Project("{FAE04EC0-301F-11D3-BF4B-00C04F79EFBC}") = "newform", "newform\newform.csproj", "{A4F53355-DE5E-413C-B81C-C9DFF31BB495}"
EndProject
Global
	GlobalSection(SolutionConfigurationPlatforms) = preSolution
		Debug|Any CPU = Debug|Any CPU
		Release|Any CPU = Release|Any CPU
	EndGlobalSection
	GlobalSection(ProjectConfigurationPlatforms) = postSolution
		{A4F53355-DE5E-413C-B81C-C9DFF31BB495}.Debug|Any CPU.ActiveCfg = Debug|Any CPU
		{A4F53355-DE5E-413C-B81C-C9DFF31BB495}.Debug|Any CPU.Build.0 = Debug|Any CPU
		{A4F53355-DE5E-413C-B81C-C9DFF31BB495}.Release|Any CPU.ActiveCfg = Release|Any CPU
		{A4F53355-DE5E-413C-B81C-C9DFF31BB495}.Release|Any CPU.Build.0 = Release|Any CPU
	EndGlobalSection
	GlobalSection(SolutionProperties) = preSolution
		HideSolutionNode = FALSE
	EndGlobalSection
	GlobalSection(ExtensibilityGlobals) = postSolution
		SolutionGuid = {B62D5FEE-0683-40E6-99A4-D7E2C754CCC1}
	EndGlobalSection
EndGlobal
